// !$*UTF8*$!
{
	archiveVersion = 1;
	classes = {
	};
	objectVersion = 46;
	objects = {

/* Begin PBXBuildFile section */
		271E72BE43C8EF6F54C6DC9C /* Pods_RxTask.framework in Frameworks */ = {isa = PBXBuildFile; fileRef = F21328F87A1D28E2CE41F43B /* Pods_RxTask.framework */; };
		2E6F8B301EDC5C5100B3BD0D /* AppDelegate.swift in Sources */ = {isa = PBXBuildFile; fileRef = 2E6F8B2F1EDC5C5100B3BD0D /* AppDelegate.swift */; };
		2E6F8B351EDC5C5100B3BD0D /* Main.storyboard in Resources */ = {isa = PBXBuildFile; fileRef = 2E6F8B331EDC5C5100B3BD0D /* Main.storyboard */; };
		2E6F8B371EDC5C5100B3BD0D /* Assets.xcassets in Resources */ = {isa = PBXBuildFile; fileRef = 2E6F8B361EDC5C5100B3BD0D /* Assets.xcassets */; };
		2E6F8B3A1EDC5C5100B3BD0D /* LaunchScreen.storyboard in Resources */ = {isa = PBXBuildFile; fileRef = 2E6F8B381EDC5C5100B3BD0D /* LaunchScreen.storyboard */; };
		2E6F8B441EDC5C5A00B3BD0D /* AppDelegate.swift in Sources */ = {isa = PBXBuildFile; fileRef = 2E6F8B2F1EDC5C5100B3BD0D /* AppDelegate.swift */; };
		2E6F8B471EDC5C5A00B3BD0D /* LaunchScreen.storyboard in Resources */ = {isa = PBXBuildFile; fileRef = 2E6F8B381EDC5C5100B3BD0D /* LaunchScreen.storyboard */; };
		2E6F8B481EDC5C5A00B3BD0D /* Assets.xcassets in Resources */ = {isa = PBXBuildFile; fileRef = 2E6F8B361EDC5C5100B3BD0D /* Assets.xcassets */; };
		2E6F8B491EDC5C5A00B3BD0D /* Main.storyboard in Resources */ = {isa = PBXBuildFile; fileRef = 2E6F8B331EDC5C5100B3BD0D /* Main.storyboard */; };
		2E6F8B521EDC5C6400B3BD0D /* AppDelegate.swift in Sources */ = {isa = PBXBuildFile; fileRef = 2E6F8B2F1EDC5C5100B3BD0D /* AppDelegate.swift */; };
		2E6F8B551EDC5C6400B3BD0D /* LaunchScreen.storyboard in Resources */ = {isa = PBXBuildFile; fileRef = 2E6F8B381EDC5C5100B3BD0D /* LaunchScreen.storyboard */; };
		2E6F8B561EDC5C6400B3BD0D /* Assets.xcassets in Resources */ = {isa = PBXBuildFile; fileRef = 2E6F8B361EDC5C5100B3BD0D /* Assets.xcassets */; };
		2E6F8B571EDC5C6400B3BD0D /* Main.storyboard in Resources */ = {isa = PBXBuildFile; fileRef = 2E6F8B331EDC5C5100B3BD0D /* Main.storyboard */; };
		2E6F8B5E1EDC624300B3BD0D /* Task1ViewController.swift in Sources */ = {isa = PBXBuildFile; fileRef = 2E6F8B5D1EDC624300B3BD0D /* Task1ViewController.swift */; };
		2E6F8B631EDC6A4B00B3BD0D /* Task2ViewController.swift in Sources */ = {isa = PBXBuildFile; fileRef = 2E6F8B611EDC68B600B3BD0D /* Task2ViewController.swift */; };
		2E6F8B671EDC6B7600B3BD0D /* Task3ViewController.swift in Sources */ = {isa = PBXBuildFile; fileRef = 2E6F8B651EDC6B5B00B3BD0D /* Task3ViewController.swift */; };
		947AE3E0D33EB23A35675F90 /* Pods_RxTask2.framework in Frameworks */ = {isa = PBXBuildFile; fileRef = EFDCFEFB98853FF930528C41 /* Pods_RxTask2.framework */; };
		F71E8BAB1EDA967C1A2227C5 /* Pods_RxTask3.framework in Frameworks */ = {isa = PBXBuildFile; fileRef = A6D2C40C0250F9974CFDE0E2 /* Pods_RxTask3.framework */; };
/* End PBXBuildFile section */

/* Begin PBXFileReference section */
		0F07CA2FD56D2E65D60DD00A /* Pods-RxTask3.release.xcconfig */ = {isa = PBXFileReference; includeInIndex = 1; lastKnownFileType = text.xcconfig; name = "Pods-RxTask3.release.xcconfig"; path = "Pods/Target Support Files/Pods-RxTask3/Pods-RxTask3.release.xcconfig"; sourceTree = "<group>"; };
		253453FA6829AA5D09D6CBE1 /* Pods-RxTask2.debug.xcconfig */ = {isa = PBXFileReference; includeInIndex = 1; lastKnownFileType = text.xcconfig; name = "Pods-RxTask2.debug.xcconfig"; path = "Pods/Target Support Files/Pods-RxTask2/Pods-RxTask2.debug.xcconfig"; sourceTree = "<group>"; };
		2E6F8B2C1EDC5C5100B3BD0D /* RxTask.app */ = {isa = PBXFileReference; explicitFileType = wrapper.application; includeInIndex = 0; path = RxTask.app; sourceTree = BUILT_PRODUCTS_DIR; };
		2E6F8B2F1EDC5C5100B3BD0D /* AppDelegate.swift */ = {isa = PBXFileReference; lastKnownFileType = sourcecode.swift; path = AppDelegate.swift; sourceTree = "<group>"; };
		2E6F8B341EDC5C5100B3BD0D /* Base */ = {isa = PBXFileReference; lastKnownFileType = file.storyboard; name = Base; path = Base.lproj/Main.storyboard; sourceTree = "<group>"; };
		2E6F8B361EDC5C5100B3BD0D /* Assets.xcassets */ = {isa = PBXFileReference; lastKnownFileType = folder.assetcatalog; path = Assets.xcassets; sourceTree = "<group>"; };
		2E6F8B391EDC5C5100B3BD0D /* Base */ = {isa = PBXFileReference; lastKnownFileType = file.storyboard; name = Base; path = Base.lproj/LaunchScreen.storyboard; sourceTree = "<group>"; };
		2E6F8B3B1EDC5C5100B3BD0D /* Info.plist */ = {isa = PBXFileReference; lastKnownFileType = text.plist.xml; path = Info.plist; sourceTree = "<group>"; };
		2E6F8B4D1EDC5C5A00B3BD0D /* RxTask2.app */ = {isa = PBXFileReference; explicitFileType = wrapper.application; includeInIndex = 0; path = RxTask2.app; sourceTree = BUILT_PRODUCTS_DIR; };
		2E6F8B4E1EDC5C5A00B3BD0D /* RxTask2-Info.plist */ = {isa = PBXFileReference; lastKnownFileType = text.plist.xml; name = "RxTask2-Info.plist"; path = "/Users/korzhenkoas/Documents/Developer/RxTask/RxTask2-Info.plist"; sourceTree = "<absolute>"; };
		2E6F8B5B1EDC5C6400B3BD0D /* RxTask3.app */ = {isa = PBXFileReference; explicitFileType = wrapper.application; includeInIndex = 0; path = RxTask3.app; sourceTree = BUILT_PRODUCTS_DIR; };
		2E6F8B5C1EDC5C6400B3BD0D /* RxTask3-Info.plist */ = {isa = PBXFileReference; lastKnownFileType = text.plist.xml; name = "RxTask3-Info.plist"; path = "/Users/korzhenkoas/Documents/Developer/RxTask/RxTask3-Info.plist"; sourceTree = "<absolute>"; };
		2E6F8B5D1EDC624300B3BD0D /* Task1ViewController.swift */ = {isa = PBXFileReference; fileEncoding = 4; lastKnownFileType = sourcecode.swift; path = Task1ViewController.swift; sourceTree = "<group>"; };
		2E6F8B611EDC68B600B3BD0D /* Task2ViewController.swift */ = {isa = PBXFileReference; fileEncoding = 4; lastKnownFileType = sourcecode.swift; path = Task2ViewController.swift; sourceTree = "<group>"; };
		2E6F8B651EDC6B5B00B3BD0D /* Task3ViewController.swift */ = {isa = PBXFileReference; fileEncoding = 4; lastKnownFileType = sourcecode.swift; path = Task3ViewController.swift; sourceTree = "<group>"; };
		64E5EB2817C238C9C23129D1 /* Pods-RxTask.debug.xcconfig */ = {isa = PBXFileReference; includeInIndex = 1; lastKnownFileType = text.xcconfig; name = "Pods-RxTask.debug.xcconfig"; path = "Pods/Target Support Files/Pods-RxTask/Pods-RxTask.debug.xcconfig"; sourceTree = "<group>"; };
		7C9733F4CE48C482892341DC /* Pods-RxTask3.debug.xcconfig */ = {isa = PBXFileReference; includeInIndex = 1; lastKnownFileType = text.xcconfig; name = "Pods-RxTask3.debug.xcconfig"; path = "Pods/Target Support Files/Pods-RxTask3/Pods-RxTask3.debug.xcconfig"; sourceTree = "<group>"; };
		A6D2C40C0250F9974CFDE0E2 /* Pods_RxTask3.framework */ = {isa = PBXFileReference; explicitFileType = wrapper.framework; includeInIndex = 0; path = Pods_RxTask3.framework; sourceTree = BUILT_PRODUCTS_DIR; };
		ABCD9967404C8D061B956578 /* Pods-RxTask2.release.xcconfig */ = {isa = PBXFileReference; includeInIndex = 1; lastKnownFileType = text.xcconfig; name = "Pods-RxTask2.release.xcconfig"; path = "Pods/Target Support Files/Pods-RxTask2/Pods-RxTask2.release.xcconfig"; sourceTree = "<group>"; };
		DE0A11C6753895B4D720C454 /* Pods-RxTask.release.xcconfig */ = {isa = PBXFileReference; includeInIndex = 1; lastKnownFileType = text.xcconfig; name = "Pods-RxTask.release.xcconfig"; path = "Pods/Target Support Files/Pods-RxTask/Pods-RxTask.release.xcconfig"; sourceTree = "<group>"; };
		EFDCFEFB98853FF930528C41 /* Pods_RxTask2.framework */ = {isa = PBXFileReference; explicitFileType = wrapper.framework; includeInIndex = 0; path = Pods_RxTask2.framework; sourceTree = BUILT_PRODUCTS_DIR; };
		F21328F87A1D28E2CE41F43B /* Pods_RxTask.framework */ = {isa = PBXFileReference; explicitFileType = wrapper.framework; includeInIndex = 0; path = Pods_RxTask.framework; sourceTree = BUILT_PRODUCTS_DIR; };
/* End PBXFileReference section */

/* Begin PBXFrameworksBuildPhase section */
		2E6F8B291EDC5C5100B3BD0D /* Frameworks */ = {
			isa = PBXFrameworksBuildPhase;
			buildActionMask = 2147483647;
			files = (
				271E72BE43C8EF6F54C6DC9C /* Pods_RxTask.framework in Frameworks */,
			);
			runOnlyForDeploymentPostprocessing = 0;
		};
		2E6F8B451EDC5C5A00B3BD0D /* Frameworks */ = {
			isa = PBXFrameworksBuildPhase;
			buildActionMask = 2147483647;
			files = (
				947AE3E0D33EB23A35675F90 /* Pods_RxTask2.framework in Frameworks */,
			);
			runOnlyForDeploymentPostprocessing = 0;
		};
		2E6F8B531EDC5C6400B3BD0D /* Frameworks */ = {
			isa = PBXFrameworksBuildPhase;
			buildActionMask = 2147483647;
			files = (
				F71E8BAB1EDA967C1A2227C5 /* Pods_RxTask3.framework in Frameworks */,
			);
			runOnlyForDeploymentPostprocessing = 0;
		};
/* End PBXFrameworksBuildPhase section */

/* Begin PBXGroup section */
		2E6F8B231EDC5C5100B3BD0D = {
			isa = PBXGroup;
			children = (
				2E6F8B2E1EDC5C5100B3BD0D /* RxTask */,
				2E6F8B2D1EDC5C5100B3BD0D /* Products */,
				2E6F8B4E1EDC5C5A00B3BD0D /* RxTask2-Info.plist */,
				2E6F8B5C1EDC5C6400B3BD0D /* RxTask3-Info.plist */,
				FFD4B9BFEA107E2E5E0EA845 /* Pods */,
				AB26E35718297457C00F2C2A /* Frameworks */,
			);
			sourceTree = "<group>";
		};
		2E6F8B2D1EDC5C5100B3BD0D /* Products */ = {
			isa = PBXGroup;
			children = (
				2E6F8B2C1EDC5C5100B3BD0D /* RxTask.app */,
				2E6F8B4D1EDC5C5A00B3BD0D /* RxTask2.app */,
				2E6F8B5B1EDC5C6400B3BD0D /* RxTask3.app */,
			);
			name = Products;
			sourceTree = "<group>";
		};
		2E6F8B2E1EDC5C5100B3BD0D /* RxTask */ = {
			isa = PBXGroup;
			children = (
				2E6F8B2F1EDC5C5100B3BD0D /* AppDelegate.swift */,
				2E6F8B5D1EDC624300B3BD0D /* Task1ViewController.swift */,
				2E6F8B611EDC68B600B3BD0D /* Task2ViewController.swift */,
				2E6F8B651EDC6B5B00B3BD0D /* Task3ViewController.swift */,
				2E6F8B331EDC5C5100B3BD0D /* Main.storyboard */,
				2E6F8B361EDC5C5100B3BD0D /* Assets.xcassets */,
				2E6F8B381EDC5C5100B3BD0D /* LaunchScreen.storyboard */,
				2E6F8B3B1EDC5C5100B3BD0D /* Info.plist */,
			);
			path = RxTask;
			sourceTree = "<group>";
		};
		AB26E35718297457C00F2C2A /* Frameworks */ = {
			isa = PBXGroup;
			children = (
				F21328F87A1D28E2CE41F43B /* Pods_RxTask.framework */,
				EFDCFEFB98853FF930528C41 /* Pods_RxTask2.framework */,
				A6D2C40C0250F9974CFDE0E2 /* Pods_RxTask3.framework */,
			);
			name = Frameworks;
			sourceTree = "<group>";
		};
		FFD4B9BFEA107E2E5E0EA845 /* Pods */ = {
			isa = PBXGroup;
			children = (
				64E5EB2817C238C9C23129D1 /* Pods-RxTask.debug.xcconfig */,
				DE0A11C6753895B4D720C454 /* Pods-RxTask.release.xcconfig */,
				253453FA6829AA5D09D6CBE1 /* Pods-RxTask2.debug.xcconfig */,
				ABCD9967404C8D061B956578 /* Pods-RxTask2.release.xcconfig */,
				7C9733F4CE48C482892341DC /* Pods-RxTask3.debug.xcconfig */,
				0F07CA2FD56D2E65D60DD00A /* Pods-RxTask3.release.xcconfig */,
			);
			name = Pods;
			sourceTree = "<group>";
		};
/* End PBXGroup section */

/* Begin PBXNativeTarget section */
		2E6F8B2B1EDC5C5100B3BD0D /* RxTask */ = {
			isa = PBXNativeTarget;
			buildConfigurationList = 2E6F8B3E1EDC5C5100B3BD0D /* Build configuration list for PBXNativeTarget "RxTask" */;
			buildPhases = (
				AA66879EFD20F28F70635353 /* [CP] Check Pods Manifest.lock */,
				2E6F8B281EDC5C5100B3BD0D /* Sources */,
				2E6F8B291EDC5C5100B3BD0D /* Frameworks */,
				2E6F8B2A1EDC5C5100B3BD0D /* Resources */,
				366C57A8DFC40B9DFC5F5602 /* [CP] Embed Pods Frameworks */,
				6E04EE0FB8F80DF55FB514E1 /* [CP] Copy Pods Resources */,
			);
			buildRules = (
			);
			dependencies = (
			);
			name = RxTask;
			productName = RxTask;
			productReference = 2E6F8B2C1EDC5C5100B3BD0D /* RxTask.app */;
			productType = "com.apple.product-type.application";
		};
		2E6F8B411EDC5C5A00B3BD0D /* RxTask2 */ = {
			isa = PBXNativeTarget;
			buildConfigurationList = 2E6F8B4A1EDC5C5A00B3BD0D /* Build configuration list for PBXNativeTarget "RxTask2" */;
			buildPhases = (
				AB37C66F51BDED6289F1ECCE /* [CP] Check Pods Manifest.lock */,
				2E6F8B421EDC5C5A00B3BD0D /* Sources */,
				2E6F8B451EDC5C5A00B3BD0D /* Frameworks */,
				2E6F8B461EDC5C5A00B3BD0D /* Resources */,
				4871B77AB7D9E11E8B3E5D28 /* [CP] Embed Pods Frameworks */,
				50AD92ACBD67940710C44A97 /* [CP] Copy Pods Resources */,
			);
			buildRules = (
			);
			dependencies = (
			);
			name = RxTask2;
			productName = RxTask;
			productReference = 2E6F8B4D1EDC5C5A00B3BD0D /* RxTask2.app */;
			productType = "com.apple.product-type.application";
		};
		2E6F8B4F1EDC5C6400B3BD0D /* RxTask3 */ = {
			isa = PBXNativeTarget;
			buildConfigurationList = 2E6F8B581EDC5C6400B3BD0D /* Build configuration list for PBXNativeTarget "RxTask3" */;
			buildPhases = (
				DF786D536688D3C89056A4C0 /* [CP] Check Pods Manifest.lock */,
				2E6F8B501EDC5C6400B3BD0D /* Sources */,
				2E6F8B531EDC5C6400B3BD0D /* Frameworks */,
				2E6F8B541EDC5C6400B3BD0D /* Resources */,
				17D2961BEF34E1B2D22B798D /* [CP] Embed Pods Frameworks */,
				C930705685315BC4AA4F7DC9 /* [CP] Copy Pods Resources */,
			);
			buildRules = (
			);
			dependencies = (
			);
			name = RxTask3;
			productName = RxTask;
			productReference = 2E6F8B5B1EDC5C6400B3BD0D /* RxTask3.app */;
			productType = "com.apple.product-type.application";
		};
/* End PBXNativeTarget section */

/* Begin PBXProject section */
		2E6F8B241EDC5C5100B3BD0D /* Project object */ = {
			isa = PBXProject;
			attributes = {
				LastSwiftUpdateCheck = 0830;
				LastUpgradeCheck = 0830;
				ORGANIZATIONNAME = "Korzhenko, Alexander";
				TargetAttributes = {
					2E6F8B2B1EDC5C5100B3BD0D = {
						CreatedOnToolsVersion = 8.3.2;
						DevelopmentTeam = K2WZ4SLM8V;
						ProvisioningStyle = Automatic;
					};
					2E6F8B411EDC5C5A00B3BD0D = {
						DevelopmentTeam = K2WZ4SLM8V;
					};
					2E6F8B4F1EDC5C6400B3BD0D = {
						DevelopmentTeam = K2WZ4SLM8V;
					};
				};
			};
			buildConfigurationList = 2E6F8B271EDC5C5100B3BD0D /* Build configuration list for PBXProject "RxTask" */;
			compatibilityVersion = "Xcode 3.2";
			developmentRegion = English;
			hasScannedForEncodings = 0;
			knownRegions = (
				en,
				Base,
			);
			mainGroup = 2E6F8B231EDC5C5100B3BD0D;
			productRefGroup = 2E6F8B2D1EDC5C5100B3BD0D /* Products */;
			projectDirPath = "";
			projectRoot = "";
			targets = (
				2E6F8B2B1EDC5C5100B3BD0D /* RxTask */,
				2E6F8B411EDC5C5A00B3BD0D /* RxTask2 */,
				2E6F8B4F1EDC5C6400B3BD0D /* RxTask3 */,
			);
		};
/* End PBXProject section */

/* Begin PBXResourcesBuildPhase section */
		2E6F8B2A1EDC5C5100B3BD0D /* Resources */ = {
			isa = PBXResourcesBuildPhase;
			buildActionMask = 2147483647;
			files = (
				2E6F8B3A1EDC5C5100B3BD0D /* LaunchScreen.storyboard in Resources */,
				2E6F8B371EDC5C5100B3BD0D /* Assets.xcassets in Resources */,
				2E6F8B351EDC5C5100B3BD0D /* Main.storyboard in Resources */,
			);
			runOnlyForDeploymentPostprocessing = 0;
		};
		2E6F8B461EDC5C5A00B3BD0D /* Resources */ = {
			isa = PBXResourcesBuildPhase;
			buildActionMask = 2147483647;
			files = (
				2E6F8B471EDC5C5A00B3BD0D /* LaunchScreen.storyboard in Resources */,
				2E6F8B481EDC5C5A00B3BD0D /* Assets.xcassets in Resources */,
				2E6F8B491EDC5C5A00B3BD0D /* Main.storyboard in Resources */,
			);
			runOnlyForDeploymentPostprocessing = 0;
		};
		2E6F8B541EDC5C6400B3BD0D /* Resources */ = {
			isa = PBXResourcesBuildPhase;
			buildActionMask = 2147483647;
			files = (
				2E6F8B551EDC5C6400B3BD0D /* LaunchScreen.storyboard in Resources */,
				2E6F8B561EDC5C6400B3BD0D /* Assets.xcassets in Resources */,
				2E6F8B571EDC5C6400B3BD0D /* Main.storyboard in Resources */,
			);
			runOnlyForDeploymentPostprocessing = 0;
		};
/* End PBXResourcesBuildPhase section */

/* Begin PBXShellScriptBuildPhase section */
		17D2961BEF34E1B2D22B798D /* [CP] Embed Pods Frameworks */ = {
			isa = PBXShellScriptBuildPhase;
			buildActionMask = 2147483647;
			files = (
			);
			inputPaths = (
			);
			name = "[CP] Embed Pods Frameworks";
			outputPaths = (
			);
			runOnlyForDeploymentPostprocessing = 0;
			shellPath = /bin/sh;
			shellScript = "\"${SRCROOT}/Pods/Target Support Files/Pods-RxTask3/Pods-RxTask3-frameworks.sh\"\n";
			showEnvVarsInLog = 0;
		};
		366C57A8DFC40B9DFC5F5602 /* [CP] Embed Pods Frameworks */ = {
			isa = PBXShellScriptBuildPhase;
			buildActionMask = 2147483647;
			files = (
			);
			inputPaths = (
			);
			name = "[CP] Embed Pods Frameworks";
			outputPaths = (
			);
			runOnlyForDeploymentPostprocessing = 0;
			shellPath = /bin/sh;
			shellScript = "\"${SRCROOT}/Pods/Target Support Files/Pods-RxTask/Pods-RxTask-frameworks.sh\"\n";
			showEnvVarsInLog = 0;
		};
		4871B77AB7D9E11E8B3E5D28 /* [CP] Embed Pods Frameworks */ = {
			isa = PBXShellScriptBuildPhase;
			buildActionMask = 2147483647;
			files = (
			);
			inputPaths = (
			);
			name = "[CP] Embed Pods Frameworks";
			outputPaths = (
			);
			runOnlyForDeploymentPostprocessing = 0;
			shellPath = /bin/sh;
			shellScript = "\"${SRCROOT}/Pods/Target Support Files/Pods-RxTask2/Pods-RxTask2-frameworks.sh\"\n";
			showEnvVarsInLog = 0;
		};
		50AD92ACBD67940710C44A97 /* [CP] Copy Pods Resources */ = {
			isa = PBXShellScriptBuildPhase;
			buildActionMask = 2147483647;
			files = (
			);
			inputPaths = (
			);
			name = "[CP] Copy Pods Resources";
			outputPaths = (
			);
			runOnlyForDeploymentPostprocessing = 0;
			shellPath = /bin/sh;
			shellScript = "\"${SRCROOT}/Pods/Target Support Files/Pods-RxTask2/Pods-RxTask2-resources.sh\"\n";
			showEnvVarsInLog = 0;
		};
		6E04EE0FB8F80DF55FB514E1 /* [CP] Copy Pods Resources */ = {
			isa = PBXShellScriptBuildPhase;
			buildActionMask = 2147483647;
			files = (
			);
			inputPaths = (
			);
			name = "[CP] Copy Pods Resources";
			outputPaths = (
			);
			runOnlyForDeploymentPostprocessing = 0;
			shellPath = /bin/sh;
			shellScript = "\"${SRCROOT}/Pods/Target Support Files/Pods-RxTask/Pods-RxTask-resources.sh\"\n";
			showEnvVarsInLog = 0;
		};
		AA66879EFD20F28F70635353 /* [CP] Check Pods Manifest.lock */ = {
			isa = PBXShellScriptBuildPhase;
			buildActionMask = 2147483647;
			files = (
			);
			inputPaths = (
			);
			name = "[CP] Check Pods Manifest.lock";
			outputPaths = (
			);
			runOnlyForDeploymentPostprocessing = 0;
			shellPath = /bin/sh;
			shellScript = "diff \"${PODS_PODFILE_DIR_PATH}/Podfile.lock\" \"${PODS_ROOT}/Manifest.lock\" > /dev/null\nif [ $? != 0 ] ; then\n    # print error to STDERR\n    echo \"error: The sandbox is not in sync with the Podfile.lock. Run 'pod install' or update your CocoaPods installation.\" >&2\n    exit 1\nfi\n";
			showEnvVarsInLog = 0;
		};
		AB37C66F51BDED6289F1ECCE /* [CP] Check Pods Manifest.lock */ = {
			isa = PBXShellScriptBuildPhase;
			buildActionMask = 2147483647;
			files = (
			);
			inputPaths = (
			);
			name = "[CP] Check Pods Manifest.lock";
			outputPaths = (
			);
			runOnlyForDeploymentPostprocessing = 0;
			shellPath = /bin/sh;
			shellScript = "diff \"${PODS_PODFILE_DIR_PATH}/Podfile.lock\" \"${PODS_ROOT}/Manifest.lock\" > /dev/null\nif [ $? != 0 ] ; then\n    # print error to STDERR\n    echo \"error: The sandbox is not in sync with the Podfile.lock. Run 'pod install' or update your CocoaPods installation.\" >&2\n    exit 1\nfi\n";
			showEnvVarsInLog = 0;
		};
		C930705685315BC4AA4F7DC9 /* [CP] Copy Pods Resources */ = {
			isa = PBXShellScriptBuildPhase;
			buildActionMask = 2147483647;
			files = (
			);
			inputPaths = (
			);
			name = "[CP] Copy Pods Resources";
			outputPaths = (
			);
			runOnlyForDeploymentPostprocessing = 0;
			shellPath = /bin/sh;
			shellScript = "\"${SRCROOT}/Pods/Target Support Files/Pods-RxTask3/Pods-RxTask3-resources.sh\"\n";
			showEnvVarsInLog = 0;
		};
		DF786D536688D3C89056A4C0 /* [CP] Check Pods Manifest.lock */ = {
			isa = PBXShellScriptBuildPhase;
			buildActionMask = 2147483647;
			files = (
			);
			inputPaths = (
			);
			name = "[CP] Check Pods Manifest.lock";
			outputPaths = (
			);
			runOnlyForDeploymentPostprocessing = 0;
			shellPath = /bin/sh;
			shellScript = "diff \"${PODS_PODFILE_DIR_PATH}/Podfile.lock\" \"${PODS_ROOT}/Manifest.lock\" > /dev/null\nif [ $? != 0 ] ; then\n    # print error to STDERR\n    echo \"error: The sandbox is not in sync with the Podfile.lock. Run 'pod install' or update your CocoaPods installation.\" >&2\n    exit 1\nfi\n";
			showEnvVarsInLog = 0;
		};
/* End PBXShellScriptBuildPhase section */

/* Begin PBXSourcesBuildPhase section */
		2E6F8B281EDC5C5100B3BD0D /* Sources */ = {
			isa = PBXSourcesBuildPhase;
			buildActionMask = 2147483647;
			files = (
				2E6F8B5E1EDC624300B3BD0D /* Task1ViewController.swift in Sources */,
				2E6F8B301EDC5C5100B3BD0D /* AppDelegate.swift in Sources */,
			);
			runOnlyForDeploymentPostprocessing = 0;
		};
		2E6F8B421EDC5C5A00B3BD0D /* Sources */ = {
			isa = PBXSourcesBuildPhase;
			buildActionMask = 2147483647;
			files = (
				2E6F8B631EDC6A4B00B3BD0D /* Task2ViewController.swift in Sources */,
				2E6F8B441EDC5C5A00B3BD0D /* AppDelegate.swift in Sources */,
			);
			runOnlyForDeploymentPostprocessing = 0;
		};
		2E6F8B501EDC5C6400B3BD0D /* Sources */ = {
			isa = PBXSourcesBuildPhase;
			buildActionMask = 2147483647;
			files = (
				2E6F8B671EDC6B7600B3BD0D /* Task3ViewController.swift in Sources */,
				2E6F8B521EDC5C6400B3BD0D /* AppDelegate.swift in Sources */,
			);
			runOnlyForDeploymentPostprocessing = 0;
		};
/* End PBXSourcesBuildPhase section */

/* Begin PBXVariantGroup section */
		2E6F8B331EDC5C5100B3BD0D /* Main.storyboard */ = {
			isa = PBXVariantGroup;
			children = (
				2E6F8B341EDC5C5100B3BD0D /* Base */,
			);
			name = Main.storyboard;
			sourceTree = "<group>";
		};
		2E6F8B381EDC5C5100B3BD0D /* LaunchScreen.storyboard */ = {
			isa = PBXVariantGroup;
			children = (
				2E6F8B391EDC5C5100B3BD0D /* Base */,
			);
			name = LaunchScreen.storyboard;
			sourceTree = "<group>";
		};
/* End PBXVariantGroup section */

/* Begin XCBuildConfiguration section */
		2E6F8B3C1EDC5C5100B3BD0D /* Debug */ = {
			isa = XCBuildConfiguration;
			buildSettings = {
				ALWAYS_SEARCH_USER_PATHS = NO;
				CLANG_ANALYZER_NONNULL = YES;
				CLANG_ANALYZER_NUMBER_OBJECT_CONVERSION = YES_AGGRESSIVE;
				CLANG_CXX_LANGUAGE_STANDARD = "gnu++0x";
				CLANG_CXX_LIBRARY = "libc++";
				CLANG_ENABLE_MODULES = YES;
				CLANG_ENABLE_OBJC_ARC = YES;
				CLANG_WARN_BOOL_CONVERSION = YES;
				CLANG_WARN_CONSTANT_CONVERSION = YES;
				CLANG_WARN_DIRECT_OBJC_ISA_USAGE = YES_ERROR;
				CLANG_WARN_DOCUMENTATION_COMMENTS = YES;
				CLANG_WARN_EMPTY_BODY = YES;
				CLANG_WARN_ENUM_CONVERSION = YES;
				CLANG_WARN_INFINITE_RECURSION = YES;
				CLANG_WARN_INT_CONVERSION = YES;
				CLANG_WARN_OBJC_ROOT_CLASS = YES_ERROR;
				CLANG_WARN_SUSPICIOUS_MOVE = YES;
				CLANG_WARN_UNREACHABLE_CODE = YES;
				CLANG_WARN__DUPLICATE_METHOD_MATCH = YES;
				"CODE_SIGN_IDENTITY[sdk=iphoneos*]" = "iPhone Developer";
				COPY_PHASE_STRIP = NO;
				DEBUG_INFORMATION_FORMAT = dwarf;
				ENABLE_STRICT_OBJC_MSGSEND = YES;
				ENABLE_TESTABILITY = YES;
				GCC_C_LANGUAGE_STANDARD = gnu99;
				GCC_DYNAMIC_NO_PIC = NO;
				GCC_NO_COMMON_BLOCKS = YES;
				GCC_OPTIMIZATION_LEVEL = 0;
				GCC_PREPROCESSOR_DEFINITIONS = (
					"DEBUG=1",
					"$(inherited)",
				);
				GCC_WARN_64_TO_32_BIT_CONVERSION = YES;
				GCC_WARN_ABOUT_RETURN_TYPE = YES_ERROR;
				GCC_WARN_UNDECLARED_SELECTOR = YES;
				GCC_WARN_UNINITIALIZED_AUTOS = YES_AGGRESSIVE;
				GCC_WARN_UNUSED_FUNCTION = YES;
				GCC_WARN_UNUSED_VARIABLE = YES;
				IPHONEOS_DEPLOYMENT_TARGET = 10.3;
				MTL_ENABLE_DEBUG_INFO = YES;
				ONLY_ACTIVE_ARCH = YES;
				SDKROOT = iphoneos;
				SWIFT_ACTIVE_COMPILATION_CONDITIONS = DEBUG;
				SWIFT_OPTIMIZATION_LEVEL = "-Onone";
			};
			name = Debug;
		};
		2E6F8B3D1EDC5C5100B3BD0D /* Release */ = {
			isa = XCBuildConfiguration;
			buildSettings = {
				ALWAYS_SEARCH_USER_PATHS = NO;
				CLANG_ANALYZER_NONNULL = YES;
				CLANG_ANALYZER_NUMBER_OBJECT_CONVERSION = YES_AGGRESSIVE;
				CLANG_CXX_LANGUAGE_STANDARD = "gnu++0x";
				CLANG_CXX_LIBRARY = "libc++";
				CLANG_ENABLE_MODULES = YES;
				CLANG_ENABLE_OBJC_ARC = YES;
				CLANG_WARN_BOOL_CONVERSION = YES;
				CLANG_WARN_CONSTANT_CONVERSION = YES;
				CLANG_WARN_DIRECT_OBJC_ISA_USAGE = YES_ERROR;
				CLANG_WARN_DOCUMENTATION_COMMENTS = YES;
				CLANG_WARN_EMPTY_BODY = YES;
				CLANG_WARN_ENUM_CONVERSION = YES;
				CLANG_WARN_INFINITE_RECURSION = YES;
				CLANG_WARN_INT_CONVERSION = YES;
				CLANG_WARN_OBJC_ROOT_CLASS = YES_ERROR;
				CLANG_WARN_SUSPICIOUS_MOVE = YES;
				CLANG_WARN_UNREACHABLE_CODE = YES;
				CLANG_WARN__DUPLICATE_METHOD_MATCH = YES;
				"CODE_SIGN_IDENTITY[sdk=iphoneos*]" = "iPhone Developer";
				COPY_PHASE_STRIP = NO;
				DEBUG_INFORMATION_FORMAT = "dwarf-with-dsym";
				ENABLE_NS_ASSERTIONS = NO;
				ENABLE_STRICT_OBJC_MSGSEND = YES;
				GCC_C_LANGUAGE_STANDARD = gnu99;
				GCC_NO_COMMON_BLOCKS = YES;
				GCC_WARN_64_TO_32_BIT_CONVERSION = YES;
				GCC_WARN_ABOUT_RETURN_TYPE = YES_ERROR;
				GCC_WARN_UNDECLARED_SELECTOR = YES;
				GCC_WARN_UNINITIALIZED_AUTOS = YES_AGGRESSIVE;
				GCC_WARN_UNUSED_FUNCTION = YES;
				GCC_WARN_UNUSED_VARIABLE = YES;
				IPHONEOS_DEPLOYMENT_TARGET = 10.3;
				MTL_ENABLE_DEBUG_INFO = NO;
				SDKROOT = iphoneos;
				SWIFT_OPTIMIZATION_LEVEL = "-Owholemodule";
				VALIDATE_PRODUCT = YES;
			};
			name = Release;
		};
		2E6F8B3F1EDC5C5100B3BD0D /* Debug */ = {
			isa = XCBuildConfiguration;
			baseConfigurationReference = 64E5EB2817C238C9C23129D1 /* Pods-RxTask.debug.xcconfig */;
			buildSettings = {
				ASSETCATALOG_COMPILER_APPICON_NAME = AppIcon;
				DEVELOPMENT_TEAM = K2WZ4SLM8V;
				INFOPLIST_FILE = RxTask/Info.plist;
				IPHONEOS_DEPLOYMENT_TARGET = 10.0;
				LD_RUNPATH_SEARCH_PATHS = "$(inherited) @executable_path/Frameworks";
				OTHER_SWIFT_FLAGS = "$(inherited) \"-D\" \"COCOAPODS\" -D TASK1";
				PRODUCT_BUNDLE_IDENTIFIER = ru.qulix.korzhenko.RxTask;
				PRODUCT_NAME = "$(TARGET_NAME)";
				SWIFT_VERSION = 3.0;
			};
			name = Debug;
		};
		2E6F8B401EDC5C5100B3BD0D /* Release */ = {
			isa = XCBuildConfiguration;
			baseConfigurationReference = DE0A11C6753895B4D720C454 /* Pods-RxTask.release.xcconfig */;
			buildSettings = {
				ASSETCATALOG_COMPILER_APPICON_NAME = AppIcon;
				DEVELOPMENT_TEAM = K2WZ4SLM8V;
				INFOPLIST_FILE = RxTask/Info.plist;
				IPHONEOS_DEPLOYMENT_TARGET = 10.0;
				LD_RUNPATH_SEARCH_PATHS = "$(inherited) @executable_path/Frameworks";
				OTHER_SWIFT_FLAGS = "$(inherited) \"-D\" \"COCOAPODS\" -D TASK1";
				PRODUCT_BUNDLE_IDENTIFIER = ru.qulix.korzhenko.RxTask;
				PRODUCT_NAME = "$(TARGET_NAME)";
				SWIFT_VERSION = 3.0;
			};
			name = Release;
		};
		2E6F8B4B1EDC5C5A00B3BD0D /* Debug */ = {
			isa = XCBuildConfiguration;
			baseConfigurationReference = 253453FA6829AA5D09D6CBE1 /* Pods-RxTask2.debug.xcconfig */;
			buildSettings = {
				ASSETCATALOG_COMPILER_APPICON_NAME = AppIcon;
				DEVELOPMENT_TEAM = K2WZ4SLM8V;
				INFOPLIST_FILE = "RxTask2-Info.plist";
				LD_RUNPATH_SEARCH_PATHS = "$(inherited) @executable_path/Frameworks";
				OTHER_SWIFT_FLAGS = "-D TASK2";
				PRODUCT_BUNDLE_IDENTIFIER = ru.qulix.korzhenko.RxTask;
				PRODUCT_NAME = "$(TARGET_NAME)";
				SWIFT_VERSION = 3.0;
			};
			name = Debug;
		};
		2E6F8B4C1EDC5C5A00B3BD0D /* Release */ = {
			isa = XCBuildConfiguration;
			baseConfigurationReference = ABCD9967404C8D061B956578 /* Pods-RxTask2.release.xcconfig */;
			buildSettings = {
				ASSETCATALOG_COMPILER_APPICON_NAME = AppIcon;
				DEVELOPMENT_TEAM = K2WZ4SLM8V;
				INFOPLIST_FILE = "RxTask2-Info.plist";
				LD_RUNPATH_SEARCH_PATHS = "$(inherited) @executable_path/Frameworks";
				OTHER_SWIFT_FLAGS = "-D TASK2";
				PRODUCT_BUNDLE_IDENTIFIER = ru.qulix.korzhenko.RxTask;
				PRODUCT_NAME = "$(TARGET_NAME)";
				SWIFT_VERSION = 3.0;
			};
			name = Release;
		};
		2E6F8B591EDC5C6400B3BD0D /* Debug */ = {
			isa = XCBuildConfiguration;
			baseConfigurationReference = 7C9733F4CE48C482892341DC /* Pods-RxTask3.debug.xcconfig */;
			buildSettings = {
				ASSETCATALOG_COMPILER_APPICON_NAME = AppIcon;
				DEVELOPMENT_TEAM = K2WZ4SLM8V;
				INFOPLIST_FILE = "RxTask3-Info.plist";
				LD_RUNPATH_SEARCH_PATHS = "$(inherited) @executable_path/Frameworks";
				OTHER_SWIFT_FLAGS = "-D TASK3";
				PRODUCT_BUNDLE_IDENTIFIER = ru.qulix.korzhenko.RxTask;
				PRODUCT_NAME = "$(TARGET_NAME)";
				SWIFT_VERSION = 3.0;
			};
			name = Debug;
		};
		2E6F8B5A1EDC5C6400B3BD0D /* Release */ = {
			isa = XCBuildConfiguration;
			baseConfigurationReference = 0F07CA2FD56D2E65D60DD00A /* Pods-RxTask3.release.xcconfig */;
			buildSettings = {
				ASSETCATALOG_COMPILER_APPICON_NAME = AppIcon;
				DEVELOPMENT_TEAM = K2WZ4SLM8V;
				INFOPLIST_FILE = "RxTask3-Info.plist";
				LD_RUNPATH_SEARCH_PATHS = "$(inherited) @executable_path/Frameworks";
				OTHER_SWIFT_FLAGS = "-D TASK3";
				PRODUCT_BUNDLE_IDENTIFIER = ru.qulix.korzhenko.RxTask;
				PRODUCT_NAME = "$(TARGET_NAME)";
				SWIFT_VERSION = 3.0;
			};
			name = Release;
		};
/* End XCBuildConfiguration section */

/* Begin XCConfigurationList section */
		2E6F8B271EDC5C5100B3BD0D /* Build configuration list for PBXProject "RxTask" */ = {
			isa = XCConfigurationList;
			buildConfigurations = (
				2E6F8B3C1EDC5C5100B3BD0D /* Debug */,
				2E6F8B3D1EDC5C5100B3BD0D /* Release */,
			);
			defaultConfigurationIsVisible = 0;
			defaultConfigurationName = Release;
		};
		2E6F8B3E1EDC5C5100B3BD0D /* Build configuration list for PBXNativeTarget "RxTask" */ = {
			isa = XCConfigurationList;
			buildConfigurations = (
				2E6F8B3F1EDC5C5100B3BD0D /* Debug */,
				2E6F8B401EDC5C5100B3BD0D /* Release */,
			);
			defaultConfigurationIsVisible = 0;
			defaultConfigurationName = Release;
		};
		2E6F8B4A1EDC5C5A00B3BD0D /* Build configuration list for PBXNativeTarget "RxTask2" */ = {
			isa = XCConfigurationList;
			buildConfigurations = (
				2E6F8B4B1EDC5C5A00B3BD0D /* Debug */,
				2E6F8B4C1EDC5C5A00B3BD0D /* Release */,
			);
			defaultConfigurationIsVisible = 0;
			defaultConfigurationName = Release;
		};
		2E6F8B581EDC5C6400B3BD0D /* Build configuration list for PBXNativeTarget "RxTask3" */ = {
			isa = XCConfigurationList;
			buildConfigurations = (
				2E6F8B591EDC5C6400B3BD0D /* Debug */,
				2E6F8B5A1EDC5C6400B3BD0D /* Release */,
			);
			defaultConfigurationIsVisible = 0;
			defaultConfigurationName = Release;
		};
/* End XCConfigurationList section */
	};
	rootObject = 2E6F8B241EDC5C5100B3BD0D /* Project object */;
}
